
Microsoft Visual Studio Solution File, Format Version 12.00
# Visual Studio Version 17
VisualStudioVersion = 17.2.32526.322
MinimumVisualStudioVersion = 10.0.40219.1
Project("{888888A0-9F3D-457C-B088-3A5042F75D52}") = "Email_Helper", "Email_Helper\Email_Helper.pyproj", "{61376022-7C09-45AF-BA5C-18E958F30001}"
EndProject
Global
	GlobalSection(SolutionConfigurationPlatforms) = preSolution
		Debug|Any CPU = Debug|Any CPU
		Release|Any CPU = Release|Any CPU
	EndGlobalSection
	GlobalSection(ProjectConfigurationPlatforms) = postSolution
		{61376022-7C09-45AF-BA5C-18E958F30001}.Debug|Any CPU.ActiveCfg = Debug|Any CPU
		{61376022-7C09-45AF-BA5C-18E958F30001}.Release|Any CPU.ActiveCfg = Release|Any CPU
	EndGlobalSection
	GlobalSection(SolutionProperties) = preSolution
		HideSolutionNode = FALSE
	EndGlobalSection
	GlobalSection(ExtensibilityGlobals) = postSolution
		SolutionGuid = {80FDBE04-FFB2-41A7-B051-C5665D3262C6}
	EndGlobalSection
EndGlobal
